
Microsoft Visual Studio Solution File, Format Version 12.00
# Visual Studio 15
VisualStudioVersion = 15.0.27703.2042
MinimumVisualStudioVersion = 10.0.40219.1
Project("{FAE04EC0-301F-11D3-BF4B-00C04F79EFBC}") = "Babble", "Babble\Babble.csproj", "{0169038A-F952-4DE4-91CB-7C297E83A674}"
EndProject
Global
	GlobalSection(SolutionConfigurationPlatforms) = preSolution
		Debug|Any CPU = Debug|Any CPU
		Release|Any CPU = Release|Any CPU
	EndGlobalSection
	GlobalSection(ProjectConfigurationPlatforms) = postSolution
		{0169038A-F952-4DE4-91CB-7C297E83A674}.Debug|Any CPU.ActiveCfg = Debug|Any CPU
		{0169038A-F952-4DE4-91CB-7C297E83A674}.Debug|Any CPU.Build.0 = Debug|Any CPU
		{0169038A-F952-4DE4-91CB-7C297E83A674}.Release|Any CPU.ActiveCfg = Release|Any CPU
		{0169038A-F952-4DE4-91CB-7C297E83A674}.Release|Any CPU.Build.0 = Release|Any CPU
	EndGlobalSection
	GlobalSection(SolutionProperties) = preSolution
		HideSolutionNode = FALSE
	EndGlobalSection
	GlobalSection(ExtensibilityGlobals) = postSolution
		SolutionGuid = {B98707D1-7828-437C-BDF9-55AC008D5653}
	EndGlobalSection
EndGlobal
